
Microsoft Visual Studio Solution File, Format Version 12.00
# Visual Studio Version 17
VisualStudioVersion = 17.6.33723.286
MinimumVisualStudioVersion = 10.0.40219.1
Project("{FAE04EC0-301F-11D3-BF4B-00C04F79EFBC}") = "array_console_app", "array_console_app\array_console_app.csproj", "{BE5A6C6E-4939-4018-9DB3-9CE11B860F76}"
EndProject
Global
	GlobalSection(SolutionConfigurationPlatforms) = preSolution
		Debug|Any CPU = Debug|Any CPU
		Release|Any CPU = Release|Any CPU
	EndGlobalSection
	GlobalSection(ProjectConfigurationPlatforms) = postSolution
		{BE5A6C6E-4939-4018-9DB3-9CE11B860F76}.Debug|Any CPU.ActiveCfg = Debug|Any CPU
		{BE5A6C6E-4939-4018-9DB3-9CE11B860F76}.Debug|Any CPU.Build.0 = Debug|Any CPU
		{BE5A6C6E-4939-4018-9DB3-9CE11B860F76}.Release|Any CPU.ActiveCfg = Release|Any CPU
		{BE5A6C6E-4939-4018-9DB3-9CE11B860F76}.Release|Any CPU.Build.0 = Release|Any CPU
	EndGlobalSection
	GlobalSection(SolutionProperties) = preSolution
		HideSolutionNode = FALSE
	EndGlobalSection
	GlobalSection(ExtensibilityGlobals) = postSolution
		SolutionGuid = {FF641426-643D-4AB7-9CC5-B9AF87948637}
	EndGlobalSection
EndGlobal
